<Solution>
  <Folder Name="/Solution Items/">
    <File Path=".gitignore" />
  </Folder>
  <Folder Name="/src/">
    <Project Path="RestaurantApp.Business/RestaurantApp.Business.csproj" />
    <Project Path="RestaurantApp.DataAccess/RestaurantApp.DataAccess.csproj" />
    <Project Path="RestaurantApp.Entity/RestaurantApp.Entity.csproj" />
    <Project Path="RestaurantApp.Presentation/RestaurantApp.Presentation.csproj" />
  </Folder>
  <Project Path="TestProject1/TestProject1.csproj" Id="cd46f400-0ef2-419b-b970-367081b4a498" />
</Solution>
